
Microsoft Visual Studio Solution File, Format Version 12.00
# Visual Studio Version 17
VisualStudioVersion = 17.2.32526.322
MinimumVisualStudioVersion = 10.0.40219.1
Project("{FAE04EC0-301F-11D3-BF4B-00C04F79EFBC}") = "Api", "Api\Api.csproj", "{3802EA30-2F31-4D76-8798-DF4B639AEF06}"
EndProject
Project("{FAE04EC0-301F-11D3-BF4B-00C04F79EFBC}") = "Api.tests", "Api.tests\Api.tests.csproj", "{BCC8DE52-42E6-4FEB-AEFE-0F055A94ED3D}"
EndProject
Global
	GlobalSection(SolutionConfigurationPlatforms) = preSolution
		Debug|Any CPU = Debug|Any CPU
		Release|Any CPU = Release|Any CPU
	EndGlobalSection
	GlobalSection(ProjectConfigurationPlatforms) = postSolution
		{3802EA30-2F31-4D76-8798-DF4B639AEF06}.Debug|Any CPU.ActiveCfg = Debug|Any CPU
		{3802EA30-2F31-4D76-8798-DF4B639AEF06}.Debug|Any CPU.Build.0 = Debug|Any CPU
		{3802EA30-2F31-4D76-8798-DF4B639AEF06}.Release|Any CPU.ActiveCfg = Release|Any CPU
		{3802EA30-2F31-4D76-8798-DF4B639AEF06}.Release|Any CPU.Build.0 = Release|Any CPU
		{BCC8DE52-42E6-4FEB-AEFE-0F055A94ED3D}.Debug|Any CPU.ActiveCfg = Debug|Any CPU
		{BCC8DE52-42E6-4FEB-AEFE-0F055A94ED3D}.Debug|Any CPU.Build.0 = Debug|Any CPU
		{BCC8DE52-42E6-4FEB-AEFE-0F055A94ED3D}.Release|Any CPU.ActiveCfg = Release|Any CPU
		{BCC8DE52-42E6-4FEB-AEFE-0F055A94ED3D}.Release|Any CPU.Build.0 = Release|Any CPU
	EndGlobalSection
	GlobalSection(SolutionProperties) = preSolution
		HideSolutionNode = FALSE
	EndGlobalSection
	GlobalSection(ExtensibilityGlobals) = postSolution
		SolutionGuid = {47B299C5-FA51-4866-AC08-5D0DD9416B6F}
	EndGlobalSection
EndGlobal
